
Microsoft Visual Studio Solution File, Format Version 12.00
# Visual Studio Version 17
VisualStudioVersion = 17.2.32630.192
MinimumVisualStudioVersion = 10.0.40219.1
Project("{F184B08F-C81C-45F6-A57F-5ABD9991F28F}") = "A7Doc", "A7Doc.vbproj", "{D5F7135E-7158-4A69-93AC-800EED64CC62}"
EndProject
Global
	GlobalSection(SolutionConfigurationPlatforms) = preSolution
		Debug|Any CPU = Debug|Any CPU
		Release|Any CPU = Release|Any CPU
	EndGlobalSection
	GlobalSection(ProjectConfigurationPlatforms) = postSolution
		{D5F7135E-7158-4A69-93AC-800EED64CC62}.Debug|Any CPU.ActiveCfg = Debug|Any CPU
		{D5F7135E-7158-4A69-93AC-800EED64CC62}.Debug|Any CPU.Build.0 = Debug|Any CPU
		{D5F7135E-7158-4A69-93AC-800EED64CC62}.Release|Any CPU.ActiveCfg = Release|Any CPU
		{D5F7135E-7158-4A69-93AC-800EED64CC62}.Release|Any CPU.Build.0 = Release|Any CPU
	EndGlobalSection
	GlobalSection(SolutionProperties) = preSolution
		HideSolutionNode = FALSE
	EndGlobalSection
	GlobalSection(ExtensibilityGlobals) = postSolution
		SolutionGuid = {18E006F1-E63E-4343-8307-2E15D6953A67}
	EndGlobalSection
EndGlobal
